
Microsoft Visual Studio Solution File, Format Version 12.00
# Visual Studio 14
VisualStudioVersion = 14.0.24720.0
MinimumVisualStudioVersion = 10.0.40219.1
Project("{2150E333-8FDC-42A3-9474-1A3956D46DE8}") = "Ambiencer_Win8", "Ambiencer_Win8", "{2209CC63-3955-4D09-A885-0B124186687B}"
EndProject
Project("{D954291E-2A0B-460D-934E-DC6B0785DB48}") = "Ambiencer_Win8.Shared", "Ambiencer_Win8\Ambiencer_Win8.Shared\Ambiencer_Win8.Shared.shproj", "{9057F923-61F7-411E-BAB5-22A845D92904}"
EndProject
Project("{FAE04EC0-301F-11D3-BF4B-00C04F79EFBC}") = "Ambiencer_Win8.Windows", "Ambiencer_Win8\Ambiencer_Win8.Windows\Ambiencer_Win8.Windows.csproj", "{8355F2B6-BC9D-43BA-B31C-80EFF7F2514C}"
EndProject
Project("{FAE04EC0-301F-11D3-BF4B-00C04F79EFBC}") = "Ambiencer_Win8.WindowsPhone", "Ambiencer_Win8\Ambiencer_Win8.WindowsPhone\Ambiencer_Win8.WindowsPhone.csproj", "{30306F65-51C4-4D83-8B18-A2A66F5507DE}"
EndProject
Global
	GlobalSection(SharedMSBuildProjectFiles) = preSolution
		Ambiencer_Win8\Ambiencer_Win8.Shared\Ambiencer_Win8.Shared.projitems*{8355f2b6-bc9d-43ba-b31c-80eff7f2514c}*SharedItemsImports = 4
		Ambiencer_Win8\Ambiencer_Win8.Shared\Ambiencer_Win8.Shared.projitems*{30306f65-51c4-4d83-8b18-a2a66f5507de}*SharedItemsImports = 4
		Ambiencer_Win8\Ambiencer_Win8.Shared\Ambiencer_Win8.Shared.projitems*{9057f923-61f7-411e-bab5-22a845d92904}*SharedItemsImports = 13
	EndGlobalSection
	GlobalSection(SolutionConfigurationPlatforms) = preSolution
		Debug|Any CPU = Debug|Any CPU
		Debug|ARM = Debug|ARM
		Debug|x64 = Debug|x64
		Debug|x86 = Debug|x86
		Release|Any CPU = Release|Any CPU
		Release|ARM = Release|ARM
		Release|x64 = Release|x64
		Release|x86 = Release|x86
	EndGlobalSection
	GlobalSection(ProjectConfigurationPlatforms) = postSolution
		{8355F2B6-BC9D-43BA-B31C-80EFF7F2514C}.Debug|Any CPU.ActiveCfg = Debug|Any CPU
		{8355F2B6-BC9D-43BA-B31C-80EFF7F2514C}.Debug|Any CPU.Build.0 = Debug|Any CPU
		{8355F2B6-BC9D-43BA-B31C-80EFF7F2514C}.Debug|Any CPU.Deploy.0 = Debug|Any CPU
		{8355F2B6-BC9D-43BA-B31C-80EFF7F2514C}.Debug|ARM.ActiveCfg = Debug|ARM
		{8355F2B6-BC9D-43BA-B31C-80EFF7F2514C}.Debug|ARM.Build.0 = Debug|ARM
		{8355F2B6-BC9D-43BA-B31C-80EFF7F2514C}.Debug|ARM.Deploy.0 = Debug|ARM
		{8355F2B6-BC9D-43BA-B31C-80EFF7F2514C}.Debug|x64.ActiveCfg = Debug|x64
		{8355F2B6-BC9D-43BA-B31C-80EFF7F2514C}.Debug|x64.Build.0 = Debug|x64
		{8355F2B6-BC9D-43BA-B31C-80EFF7F2514C}.Debug|x64.Deploy.0 = Debug|x64
		{8355F2B6-BC9D-43BA-B31C-80EFF7F2514C}.Debug|x86.ActiveCfg = Debug|x86
		{8355F2B6-BC9D-43BA-B31C-80EFF7F2514C}.Debug|x86.Build.0 = Debug|x86
		{8355F2B6-BC9D-43BA-B31C-80EFF7F2514C}.Debug|x86.Deploy.0 = Debug|x86
		{8355F2B6-BC9D-43BA-B31C-80EFF7F2514C}.Release|Any CPU.ActiveCfg = Release|Any CPU
		{8355F2B6-BC9D-43BA-B31C-80EFF7F2514C}.Release|Any CPU.Build.0 = Release|Any CPU
		{8355F2B6-BC9D-43BA-B31C-80EFF7F2514C}.Release|Any CPU.Deploy.0 = Release|Any CPU
		{8355F2B6-BC9D-43BA-B31C-80EFF7F2514C}.Release|ARM.ActiveCfg = Release|ARM
		{8355F2B6-BC9D-43BA-B31C-80EFF7F2514C}.Release|ARM.Build.0 = Release|ARM
		{8355F2B6-BC9D-43BA-B31C-80EFF7F2514C}.Release|ARM.Deploy.0 = Release|ARM
		{8355F2B6-BC9D-43BA-B31C-80EFF7F2514C}.Release|x64.ActiveCfg = Release|x64
		{8355F2B6-BC9D-43BA-B31C-80EFF7F2514C}.Release|x64.Build.0 = Release|x64
		{8355F2B6-BC9D-43BA-B31C-80EFF7F2514C}.Release|x64.Deploy.0 = Release|x64
		{8355F2B6-BC9D-43BA-B31C-80EFF7F2514C}.Release|x86.ActiveCfg = Release|x86
		{8355F2B6-BC9D-43BA-B31C-80EFF7F2514C}.Release|x86.Build.0 = Release|x86
		{8355F2B6-BC9D-43BA-B31C-80EFF7F2514C}.Release|x86.Deploy.0 = Release|x86
		{30306F65-51C4-4D83-8B18-A2A66F5507DE}.Debug|Any CPU.ActiveCfg = Debug|Any CPU
		{30306F65-51C4-4D83-8B18-A2A66F5507DE}.Debug|Any CPU.Build.0 = Debug|Any CPU
		{30306F65-51C4-4D83-8B18-A2A66F5507DE}.Debug|Any CPU.Deploy.0 = Debug|Any CPU
		{30306F65-51C4-4D83-8B18-A2A66F5507DE}.Debug|ARM.ActiveCfg = Debug|ARM
		{30306F65-51C4-4D83-8B18-A2A66F5507DE}.Debug|ARM.Build.0 = Debug|ARM
		{30306F65-51C4-4D83-8B18-A2A66F5507DE}.Debug|ARM.Deploy.0 = Debug|ARM
		{30306F65-51C4-4D83-8B18-A2A66F5507DE}.Debug|x64.ActiveCfg = Debug|Any CPU
		{30306F65-51C4-4D83-8B18-A2A66F5507DE}.Debug|x64.Build.0 = Debug|Any CPU
		{30306F65-51C4-4D83-8B18-A2A66F5507DE}.Debug|x64.Deploy.0 = Debug|Any CPU
		{30306F65-51C4-4D83-8B18-A2A66F5507DE}.Debug|x86.ActiveCfg = Debug|x86
		{30306F65-51C4-4D83-8B18-A2A66F5507DE}.Debug|x86.Build.0 = Debug|x86
		{30306F65-51C4-4D83-8B18-A2A66F5507DE}.Debug|x86.Deploy.0 = Debug|x86
		{30306F65-51C4-4D83-8B18-A2A66F5507DE}.Release|Any CPU.ActiveCfg = Release|Any CPU
		{30306F65-51C4-4D83-8B18-A2A66F5507DE}.Release|Any CPU.Build.0 = Release|Any CPU
		{30306F65-51C4-4D83-8B18-A2A66F5507DE}.Release|Any CPU.Deploy.0 = Release|Any CPU
		{30306F65-51C4-4D83-8B18-A2A66F5507DE}.Release|ARM.ActiveCfg = Release|ARM
		{30306F65-51C4-4D83-8B18-A2A66F5507DE}.Release|ARM.Build.0 = Release|ARM
		{30306F65-51C4-4D83-8B18-A2A66F5507DE}.Release|ARM.Deploy.0 = Release|ARM
		{30306F65-51C4-4D83-8B18-A2A66F5507DE}.Release|x64.ActiveCfg = Release|Any CPU
		{30306F65-51C4-4D83-8B18-A2A66F5507DE}.Release|x64.Build.0 = Release|Any CPU
		{30306F65-51C4-4D83-8B18-A2A66F5507DE}.Release|x64.Deploy.0 = Release|Any CPU
		{30306F65-51C4-4D83-8B18-A2A66F5507DE}.Release|x86.ActiveCfg = Release|x86
		{30306F65-51C4-4D83-8B18-A2A66F5507DE}.Release|x86.Build.0 = Release|x86
		{30306F65-51C4-4D83-8B18-A2A66F5507DE}.Release|x86.Deploy.0 = Release|x86
	EndGlobalSection
	GlobalSection(SolutionProperties) = preSolution
		HideSolutionNode = FALSE
	EndGlobalSection
	GlobalSection(NestedProjects) = preSolution
		{9057F923-61F7-411E-BAB5-22A845D92904} = {2209CC63-3955-4D09-A885-0B124186687B}
		{8355F2B6-BC9D-43BA-B31C-80EFF7F2514C} = {2209CC63-3955-4D09-A885-0B124186687B}
		{30306F65-51C4-4D83-8B18-A2A66F5507DE} = {2209CC63-3955-4D09-A885-0B124186687B}
	EndGlobalSection
EndGlobal
